<?xml version="1.0" encoding="utf-8"?>
<Project ToolsVersion="4.0" xmlns="http://schemas.microsoft.com/developer/msbuild/2003">
  <ItemGroup>
    <ClCompile Include="CObjAngleBullet.cpp">
      <Filter>.cppファイル</Filter>
    </ClCompile>
    <ClCompile Include="CObjAttack.cpp">
      <Filter>.cppファイル</Filter>
    </ClCompile>
    <ClCompile Include="CObjBoss.cpp">
      <Filter>.cppファイル</Filter>
    </ClCompile>
    <ClCompile Include="CObjBoss2.cpp">
      <Filter>.cppファイル</Filter>
    </ClCompile>
    <ClCompile Include="CObjBossBullet.cpp">
      <Filter>.cppファイル</Filter>
    </ClCompile>
    <ClCompile Include="CObjBossBullet2.cpp">
      <Filter>.cppファイル</Filter>
    </ClCompile>
    <ClCompile Include="CObjBossBullet4.cpp">
      <Filter>.cppファイル</Filter>
    </ClCompile>
    <ClCompile Include="CObjEnemy3.cpp">
      <Filter>.cppファイル</Filter>
    </ClCompile>
    <ClCompile Include="CObjEnemy3Bullet.cpp">
      <Filter>.cppファイル</Filter>
    </ClCompile>
    <ClCompile Include="CObjEnemyBullet.cpp">
      <Filter>.cppファイル</Filter>
    </ClCompile>
    <ClCompile Include="CObjpenetrateBullet.cpp">
      <Filter>.cppファイル</Filter>
    </ClCompile>
    <ClCompile Include="CObjPlayerBullet.cpp">
      <Filter>.cppファイル</Filter>
    </ClCompile>
    <ClCompile Include="CObjUserInterface.cpp">
      <Filter>.cppファイル</Filter>
    </ClCompile>
    <ClCompile Include="Enemy.cpp">
      <Filter>.cppファイル</Filter>
    </ClCompile>
    <ClCompile Include="ObjBean.cpp">
      <Filter>.cppファイル</Filter>
    </ClCompile>
    <ClCompile Include="Objblock.cpp">
      <Filter>.cppファイル</Filter>
    </ClCompile>
    <ClCompile Include="ObjBox.cpp">
      <Filter>.cppファイル</Filter>
    </ClCompile>
    <ClCompile Include="Objbreakblock.cpp">
      <Filter>.cppファイル</Filter>
    </ClCompile>
    <ClCompile Include="ObjChara.cpp">
      <Filter>.cppファイル</Filter>
    </ClCompile>
    <ClCompile Include="ObjGhost.cpp">
      <Filter>.cppファイル</Filter>
    </ClCompile>
    <ClCompile Include="OBJGhostAttack.cpp">
      <Filter>.cppファイル</Filter>
    </ClCompile>
    <ClCompile Include="ObjHero.cpp">
      <Filter>.cppファイル</Filter>
    </ClCompile>
    <ClCompile Include="ObjSaveSys.cpp">
      <Filter>.cppファイル</Filter>
    </ClCompile>
    <ClCompile Include="objtitle.cpp">
      <Filter>.cppファイル</Filter>
    </ClCompile>
    <ClCompile Include="GameL\SceneManager.cpp">
      <Filter>GameL</Filter>
    </ClCompile>
    <ClCompile Include="GameL\SceneObjManager.cpp">
      <Filter>GameL</Filter>
    </ClCompile>
    <ClCompile Include="GameL\SetWindow.cpp">
      <Filter>GameL</Filter>
    </ClCompile>
    <ClCompile Include="GameL\UserData.cpp">
      <Filter>GameL</Filter>
    </ClCompile>
    <ClCompile Include="GameL\WinInputs.cpp">
      <Filter>GameL</Filter>
    </ClCompile>
    <ClCompile Include="GameL\MultiThread.cpp">
      <Filter>GameL</Filter>
    </ClCompile>
    <ClCompile Include="GameL\HitBoxManager.cpp">
      <Filter>GameL</Filter>
    </ClCompile>
    <ClCompile Include="GameL\GameL_Main.cpp">
      <Filter>GameL</Filter>
    </ClCompile>
    <ClCompile Include="GameL\DrawTexture.cpp">
      <Filter>GameL</Filter>
    </ClCompile>
    <ClCompile Include="GameL\DrawFont.cpp">
      <Filter>GameL</Filter>
    </ClCompile>
    <ClCompile Include="GameL\Draw2DTex_Source.cpp">
      <Filter>GameL</Filter>
    </ClCompile>
    <ClCompile Include="GameL\DirectXDevice.cpp">
      <Filter>GameL</Filter>
    </ClCompile>
    <ClCompile Include="GameL\Audio.cpp">
      <Filter>GameL</Filter>
    </ClCompile>
    <ClCompile Include="SceneMain.cpp">
      <Filter>Sceneファイル</Filter>
    </ClCompile>
    <ClCompile Include="SceneGameClear.cpp">
      <Filter>Sceneファイル</Filter>
    </ClCompile>
    <ClCompile Include="SceneTitle.cpp">
      <Filter>Sceneファイル</Filter>
    </ClCompile>
    <ClCompile Include="SceneGameOver.cpp">
      <Filter>Sceneファイル</Filter>
    </ClCompile>
    <ClCompile Include="Effect.cpp">
      <Filter>.cppファイル</Filter>
    </ClCompile>
  </ItemGroup>
  <ItemGroup>
    <ClInclude Include="CObjAngleBullet.h">
      <Filter>.hファイル</Filter>
    </ClInclude>
    <ClInclude Include="CObjAttack.h">
      <Filter>.hファイル</Filter>
    </ClInclude>
    <ClInclude Include="CObjBoss.h">
      <Filter>.hファイル</Filter>
    </ClInclude>
    <ClInclude Include="CObjBoss2.h">
      <Filter>.hファイル</Filter>
    </ClInclude>
    <ClInclude Include="CObjBossBullet.h">
      <Filter>.hファイル</Filter>
    </ClInclude>
    <ClInclude Include="CObjBossBullet2.h">
      <Filter>.hファイル</Filter>
    </ClInclude>
    <ClInclude Include="CObjBossBullet4.h">
      <Filter>.hファイル</Filter>
    </ClInclude>
    <ClInclude Include="CObjEnemy3.h">
      <Filter>.hファイル</Filter>
    </ClInclude>
    <ClInclude Include="CObjEnemy3Bullet.h">
      <Filter>.hファイル</Filter>
    </ClInclude>
    <ClInclude Include="CObjEnemyBullet.h">
      <Filter>.hファイル</Filter>
    </ClInclude>
    <ClInclude Include="CObjpenetrateBullet.h">
      <Filter>.hファイル</Filter>
    </ClInclude>
    <ClInclude Include="CObjPlayerBullet.h">
      <Filter>.hファイル</Filter>
    </ClInclude>
    <ClInclude Include="Effect.h">
      <Filter>.hファイル</Filter>
    </ClInclude>
    <ClInclude Include="Enemy.h">
      <Filter>.hファイル</Filter>
    </ClInclude>
    <ClInclude Include="ObjBean.h">
      <Filter>.hファイル</Filter>
    </ClInclude>
    <ClInclude Include="Objblock.h">
      <Filter>.hファイル</Filter>
    </ClInclude>
    <ClInclude Include="ObjBox.h">
      <Filter>.hファイル</Filter>
    </ClInclude>
    <ClInclude Include="Objbreakblock.h">
      <Filter>.hファイル</Filter>
    </ClInclude>
    <ClInclude Include="ObjChara.h">
      <Filter>.hファイル</Filter>
    </ClInclude>
    <ClInclude Include="ObjGhost.h">
      <Filter>.hファイル</Filter>
    </ClInclude>
    <ClInclude Include="OBJGhostAttack.h">
      <Filter>.hファイル</Filter>
    </ClInclude>
    <ClInclude Include="ObjHero.h">
      <Filter>.hファイル</Filter>
    </ClInclude>
    <ClInclude Include="ObjSaveSys.h">
      <Filter>.hファイル</Filter>
    </ClInclude>
    <ClInclude Include="objTitle.h">
      <Filter>.hファイル</Filter>
    </ClInclude>
    <ClInclude Include="ObjUserInterface.h">
      <Filter>.hファイル</Filter>
    </ClInclude>
    <ClInclude Include="GameL\SceneManager.h">
      <Filter>GameL</Filter>
    </ClInclude>
    <ClInclude Include="GameL\SceneObjManager.h">
      <Filter>GameL</Filter>
    </ClInclude>
    <ClInclude Include="GameL\SetWindow.h">
      <Filter>GameL</Filter>
    </ClInclude>
    <ClInclude Include="GameL\UserData.h">
      <Filter>GameL</Filter>
    </ClInclude>
    <ClInclude Include="GameL\WinInputs.h">
      <Filter>GameL</Filter>
    </ClInclude>
    <ClInclude Include="GameL\MultiThread.h">
      <Filter>GameL</Filter>
    </ClInclude>
    <ClInclude Include="main.h">
      <Filter>GameL</Filter>
    </ClInclude>
    <ClInclude Include="GameL\HitBoxManager.h">
      <Filter>GameL</Filter>
    </ClInclude>
    <ClInclude Include="GameL\DrawTexture.h">
      <Filter>GameL</Filter>
    </ClInclude>
    <ClInclude Include="GameL\DrawFont.h">
      <Filter>GameL</Filter>
    </ClInclude>
    <ClInclude Include="GameL\DirectXDevice.h">
      <Filter>GameL</Filter>
    </ClInclude>
    <ClInclude Include="GameL\Audio.h">
      <Filter>GameL</Filter>
    </ClInclude>
    <ClInclude Include="SceneMain.h">
      <Filter>Sceneファイル</Filter>
    </ClInclude>
    <ClInclude Include="SceneTitle.h">
      <Filter>Sceneファイル</Filter>
    </ClInclude>
    <ClInclude Include="SceneGameOver.h">
      <Filter>Sceneファイル</Filter>
    </ClInclude>
    <ClInclude Include="SceneGameClear.h">
      <Filter>Sceneファイル</Filter>
    </ClInclude>
    <ClInclude Include="GameHead.h">
      <Filter>Sceneファイル</Filter>
    </ClInclude>
  </ItemGroup>
  <ItemGroup>
    <Image Include="title.png" />
    <Image Include="..\..\..\..\..\Desktop\betatitle.png" />
  </ItemGroup>
  <ItemGroup>
    <Filter Include=".cppファイル">
      <UniqueIdentifier>{8e1c0083-1506-4278-a651-b0619a49753c}</UniqueIdentifier>
    </Filter>
    <Filter Include=".hファイル">
      <UniqueIdentifier>{7f7f2761-35d9-4458-81c8-cb6f10e37ebc}</UniqueIdentifier>
    </Filter>
    <Filter Include="GameL">
      <UniqueIdentifier>{c6841fa8-2ef3-4e9e-bb39-4ec3b070bd45}</UniqueIdentifier>
    </Filter>
    <Filter Include="Sceneファイル">
      <UniqueIdentifier>{13eef187-38bb-424f-9d47-eeffdae89d27}</UniqueIdentifier>
    </Filter>
  </ItemGroup>
</Project>