<?xml version="1.0" encoding="utf-8"?>
<Project ToolsVersion="4.0" xmlns="http://schemas.microsoft.com/developer/msbuild/2003">
  <ItemGroup>
    <ClCompile Include="CObjAngleBullet.cpp" />
    <ClCompile Include="CObjBoss2.cpp" />
    <ClCompile Include="CObjBossBullet.cpp" />
    <ClCompile Include="CObjBoss.cpp" />
    <ClCompile Include="CObjBossBullet2.cpp" />
    <ClCompile Include="CObjEnemy3.cpp" />
    <ClCompile Include="CObjEnemy3Bullet.cpp" />
    <ClCompile Include="CObjEnemyBullet.cpp" />
    <ClCompile Include="CObjpenetrateBullet.cpp" />
    <ClCompile Include="CObjPlayerBullet.cpp" />
    <ClCompile Include="CObjUserInterface.cpp" />
    <ClCompile Include="Enemy.cpp" />
    <ClCompile Include="GameL\Audio.cpp" />
    <ClCompile Include="GameL\DirectXDevice.cpp" />
    <ClCompile Include="GameL\Draw2DTex_Source.cpp" />
    <ClCompile Include="GameL\DrawFont.cpp" />
    <ClCompile Include="GameL\DrawTexture.cpp" />
    <ClCompile Include="GameL\GameL_Main.cpp" />
    <ClCompile Include="GameL\HitBoxManager.cpp" />
    <ClCompile Include="GameL\MultiThread.cpp" />
    <ClCompile Include="GameL\SceneManager.cpp" />
    <ClCompile Include="GameL\SceneObjManager.cpp" />
    <ClCompile Include="GameL\SetWindow.cpp" />
    <ClCompile Include="GameL\UserData.cpp" />
    <ClCompile Include="GameL\WinInputs.cpp" />
    <ClCompile Include="CObjAttack.cpp" />
    <ClCompile Include="ObjBean.cpp" />
    <ClCompile Include="Objblock.cpp" />
    <ClCompile Include="ObjBox.cpp" />
    <ClCompile Include="Objbreakblock.cpp" />
    <ClCompile Include="ObjGhost.cpp" />
    <ClCompile Include="OBJGhostAttack.cpp" />
    <ClCompile Include="ObjHero.cpp" />
    <ClCompile Include="ObjChara.cpp" />
    <ClCompile Include="ObjSaveSys.cpp" />
    <ClCompile Include="objtitle.cpp" />
    <ClCompile Include="SceneGameClear.cpp" />
    <ClCompile Include="SceneGameOver.cpp" />
    <ClCompile Include="SceneMain.cpp" />
    <ClCompile Include="SceneTitle.cpp" />
    <ClCompile Include="CObjBossBullet4.cpp" />
  </ItemGroup>
  <ItemGroup>
    <ClInclude Include="CObjAngleBullet.h" />
    <ClInclude Include="CObjAttack.h" />
    <ClInclude Include="CObjBoss2.h" />
    <ClInclude Include="CObjBossBullet.h" />
    <ClInclude Include="CObjBoss.h" />
    <ClInclude Include="CObjBossBullet2.h" />
    <ClInclude Include="CObjEnemy3.h" />
    <ClInclude Include="CObjEnemy3Bullet.h" />
    <ClInclude Include="CObjEnemyBullet.h" />
    <ClInclude Include="CObjpenetrateBullet.h" />
    <ClInclude Include="CObjPlayerBullet.h" />
    <ClInclude Include="Enemy.h" />
    <ClInclude Include="GameHead.h" />
    <ClInclude Include="GameL\Audio.h" />
    <ClInclude Include="GameL\DirectXDevice.h" />
    <ClInclude Include="GameL\DrawFont.h" />
    <ClInclude Include="GameL\DrawTexture.h" />
    <ClInclude Include="GameL\HitBoxManager.h" />
    <ClInclude Include="GameL\MultiThread.h" />
    <ClInclude Include="GameL\SceneManager.h" />
    <ClInclude Include="GameL\SceneObjManager.h" />
    <ClInclude Include="GameL\SetWindow.h" />
    <ClInclude Include="GameL\UserData.h" />
    <ClInclude Include="GameL\WinInputs.h" />
    <ClInclude Include="main.h" />
    <ClInclude Include="ObjBean.h" />
    <ClInclude Include="Objblock.h" />
    <ClInclude Include="ObjBox.h" />
    <ClInclude Include="Objbreakblock.h" />
    <ClInclude Include="ObjGhost.h" />
    <ClInclude Include="OBJGhostAttack.h" />
    <ClInclude Include="ObjHero.h" />
    <ClInclude Include="ObjChara.h" />
    <ClInclude Include="ObjSaveSys.h" />
    <ClInclude Include="objTitle.h" />
    <ClInclude Include="ObjUserInterface.h" />
    <ClInclude Include="SceneGameClear.h" />
    <ClInclude Include="SceneGameOver.h" />
    <ClInclude Include="SceneMain.h" />
    <ClInclude Include="SceneTitle.h" />
    <ClInclude Include="CObjBossBullet4.h" />
  </ItemGroup>
  <ItemGroup>
    <Image Include="title.png" />
    <Image Include="..\..\..\..\..\Desktop\betatitle.png" />
  </ItemGroup>
</Project>